
Microsoft Visual Studio Solution File, Format Version 12.00
# Visual Studio Version 17
VisualStudioVersion = 17.9.34728.123
MinimumVisualStudioVersion = 10.0.40219.1
Project("{9A19103F-16F7-4668-BE54-9A1E7A4F7556}") = "BugProject", "BugProject.csproj", "{FCA2861F-8A2B-46C7-8631-2101DE5E835D}"
EndProject
Global
	GlobalSection(SolutionConfigurationPlatforms) = preSolution
		Debug|Any CPU = Debug|Any CPU
		Release|Any CPU = Release|Any CPU
	EndGlobalSection
	GlobalSection(ProjectConfigurationPlatforms) = postSolution
		{FCA2861F-8A2B-46C7-8631-2101DE5E835D}.Debug|Any CPU.ActiveCfg = Debug|Any CPU
		{FCA2861F-8A2B-46C7-8631-2101DE5E835D}.Debug|Any CPU.Build.0 = Debug|Any CPU
		{FCA2861F-8A2B-46C7-8631-2101DE5E835D}.Release|Any CPU.ActiveCfg = Release|Any CPU
		{FCA2861F-8A2B-46C7-8631-2101DE5E835D}.Release|Any CPU.Build.0 = Release|Any CPU
	EndGlobalSection
	GlobalSection(SolutionProperties) = preSolution
		HideSolutionNode = FALSE
	EndGlobalSection
	GlobalSection(ExtensibilityGlobals) = postSolution
		SolutionGuid = {805BE908-7BE9-4DA6-A9E3-FF8496C99441}
	EndGlobalSection
EndGlobal
